
Microsoft Visual Studio Solution File, Format Version 12.00
# Visual Studio 2012
Project("{FAE04EC0-301F-11D3-BF4B-00C04F79EFBC}") = "FacebookSDK", "FacebookSDK\FacebookSDK.csproj", "{711C6A55-902F-452E-ABE9-3217117734DE}"
EndProject
Project("{FAE04EC0-301F-11D3-BF4B-00C04F79EFBC}") = "FacebookToolkit", "FacebookToolkit\FacebookToolkit.csproj", "{7C8488A7-EEBA-4A66-B1EC-5F581DD55523}"
EndProject
Global
	GlobalSection(SolutionConfigurationPlatforms) = preSolution
		Debug|Any CPU = Debug|Any CPU
		Release|Any CPU = Release|Any CPU
	EndGlobalSection
	GlobalSection(ProjectConfigurationPlatforms) = postSolution
		{711C6A55-902F-452E-ABE9-3217117734DE}.Debug|Any CPU.ActiveCfg = Debug|Any CPU
		{711C6A55-902F-452E-ABE9-3217117734DE}.Debug|Any CPU.Build.0 = Debug|Any CPU
		{711C6A55-902F-452E-ABE9-3217117734DE}.Release|Any CPU.ActiveCfg = Release|Any CPU
		{711C6A55-902F-452E-ABE9-3217117734DE}.Release|Any CPU.Build.0 = Release|Any CPU
		{7C8488A7-EEBA-4A66-B1EC-5F581DD55523}.Debug|Any CPU.ActiveCfg = Debug|Any CPU
		{7C8488A7-EEBA-4A66-B1EC-5F581DD55523}.Debug|Any CPU.Build.0 = Debug|Any CPU
		{7C8488A7-EEBA-4A66-B1EC-5F581DD55523}.Release|Any CPU.ActiveCfg = Release|Any CPU
		{7C8488A7-EEBA-4A66-B1EC-5F581DD55523}.Release|Any CPU.Build.0 = Release|Any CPU
	EndGlobalSection
	GlobalSection(SolutionProperties) = preSolution
		HideSolutionNode = FALSE
	EndGlobalSection
EndGlobal
